
Microsoft Visual Studio Solution File, Format Version 12.00
# Visual Studio 15
VisualStudioVersion = 15.0.27130.2020
MinimumVisualStudioVersion = 10.0.40219.1
Project("{FAE04EC0-301F-11D3-BF4B-00C04F79EFBC}") = "On-Time-For-The-Exam", "On-Time-For-The-Exam\On-Time-For-The-Exam.csproj", "{56ECD979-4562-47F2-837E-C4D10B31215D}"
EndProject
Project("{FAE04EC0-301F-11D3-BF4B-00C04F79EFBC}") = "Journey", "Journey\Journey.csproj", "{5B1A60E6-BE0D-4F16-A3D5-E3FADF124911}"
EndProject
Project("{FAE04EC0-301F-11D3-BF4B-00C04F79EFBC}") = "Operations-With-Numbers", "Operations-With-Numbers\Operations-With-Numbers.csproj", "{51E79929-0429-499B-9AA1-44582EED6CA3}"
EndProject
Global
	GlobalSection(SolutionConfigurationPlatforms) = preSolution
		Debug|Any CPU = Debug|Any CPU
		Release|Any CPU = Release|Any CPU
	EndGlobalSection
	GlobalSection(ProjectConfigurationPlatforms) = postSolution
		{56ECD979-4562-47F2-837E-C4D10B31215D}.Debug|Any CPU.ActiveCfg = Debug|Any CPU
		{56ECD979-4562-47F2-837E-C4D10B31215D}.Debug|Any CPU.Build.0 = Debug|Any CPU
		{56ECD979-4562-47F2-837E-C4D10B31215D}.Release|Any CPU.ActiveCfg = Release|Any CPU
		{56ECD979-4562-47F2-837E-C4D10B31215D}.Release|Any CPU.Build.0 = Release|Any CPU
		{5B1A60E6-BE0D-4F16-A3D5-E3FADF124911}.Debug|Any CPU.ActiveCfg = Debug|Any CPU
		{5B1A60E6-BE0D-4F16-A3D5-E3FADF124911}.Debug|Any CPU.Build.0 = Debug|Any CPU
		{5B1A60E6-BE0D-4F16-A3D5-E3FADF124911}.Release|Any CPU.ActiveCfg = Release|Any CPU
		{5B1A60E6-BE0D-4F16-A3D5-E3FADF124911}.Release|Any CPU.Build.0 = Release|Any CPU
		{51E79929-0429-499B-9AA1-44582EED6CA3}.Debug|Any CPU.ActiveCfg = Debug|Any CPU
		{51E79929-0429-499B-9AA1-44582EED6CA3}.Debug|Any CPU.Build.0 = Debug|Any CPU
		{51E79929-0429-499B-9AA1-44582EED6CA3}.Release|Any CPU.ActiveCfg = Release|Any CPU
		{51E79929-0429-499B-9AA1-44582EED6CA3}.Release|Any CPU.Build.0 = Release|Any CPU
	EndGlobalSection
	GlobalSection(SolutionProperties) = preSolution
		HideSolutionNode = FALSE
	EndGlobalSection
	GlobalSection(ExtensibilityGlobals) = postSolution
		SolutionGuid = {974F37DC-A5E0-4BEB-907D-068FC8EAD371}
	EndGlobalSection
EndGlobal
