
Microsoft Visual Studio Solution File, Format Version 12.00
# Visual Studio 15
VisualStudioVersion = 15.0.27130.2020
MinimumVisualStudioVersion = 10.0.40219.1
Project("{FAE04EC0-301F-11D3-BF4B-00C04F79EFBC}") = "Simple-Conditionals-II", "Simple-Conditionals-II\Simple-Conditionals-II.csproj", "{C191E989-F333-43E0-9433-6E8D2CDFC3A8}"
EndProject
Project("{FAE04EC0-301F-11D3-BF4B-00C04F79EFBC}") = "Pool-Tubes", "Pool-Tubes\Pool-Tubes.csproj", "{4D04F235-E971-418A-8A23-FD4388B83C2E}"
EndProject
Project("{FAE04EC0-301F-11D3-BF4B-00C04F79EFBC}") = "Sleepycat-Tom", "Sleepycat-Tom\Sleepycat-Tom.csproj", "{C821FC87-FA78-4BCD-879C-754ABE36874E}"
EndProject
Global
	GlobalSection(SolutionConfigurationPlatforms) = preSolution
		Debug|Any CPU = Debug|Any CPU
		Release|Any CPU = Release|Any CPU
	EndGlobalSection
	GlobalSection(ProjectConfigurationPlatforms) = postSolution
		{C191E989-F333-43E0-9433-6E8D2CDFC3A8}.Debug|Any CPU.ActiveCfg = Debug|Any CPU
		{C191E989-F333-43E0-9433-6E8D2CDFC3A8}.Debug|Any CPU.Build.0 = Debug|Any CPU
		{C191E989-F333-43E0-9433-6E8D2CDFC3A8}.Release|Any CPU.ActiveCfg = Release|Any CPU
		{C191E989-F333-43E0-9433-6E8D2CDFC3A8}.Release|Any CPU.Build.0 = Release|Any CPU
		{4D04F235-E971-418A-8A23-FD4388B83C2E}.Debug|Any CPU.ActiveCfg = Debug|Any CPU
		{4D04F235-E971-418A-8A23-FD4388B83C2E}.Debug|Any CPU.Build.0 = Debug|Any CPU
		{4D04F235-E971-418A-8A23-FD4388B83C2E}.Release|Any CPU.ActiveCfg = Release|Any CPU
		{4D04F235-E971-418A-8A23-FD4388B83C2E}.Release|Any CPU.Build.0 = Release|Any CPU
		{C821FC87-FA78-4BCD-879C-754ABE36874E}.Debug|Any CPU.ActiveCfg = Debug|Any CPU
		{C821FC87-FA78-4BCD-879C-754ABE36874E}.Debug|Any CPU.Build.0 = Debug|Any CPU
		{C821FC87-FA78-4BCD-879C-754ABE36874E}.Release|Any CPU.ActiveCfg = Release|Any CPU
		{C821FC87-FA78-4BCD-879C-754ABE36874E}.Release|Any CPU.Build.0 = Release|Any CPU
	EndGlobalSection
	GlobalSection(SolutionProperties) = preSolution
		HideSolutionNode = FALSE
	EndGlobalSection
	GlobalSection(ExtensibilityGlobals) = postSolution
		SolutionGuid = {17BCB3E6-8CCB-428F-80E5-3DBDE3590FDD}
	EndGlobalSection
EndGlobal
