
Microsoft Visual Studio Solution File, Format Version 12.00
# Visual Studio 15
VisualStudioVersion = 15.0.27130.2020
MinimumVisualStudioVersion = 10.0.40219.1
Project("{FAE04EC0-301F-11D3-BF4B-00C04F79EFBC}") = "Small-Shop", "Small-Shop\Small-Shop.csproj", "{47847B4C-9AFE-4308-9436-725FC2297EE7}"
EndProject
Project("{FAE04EC0-301F-11D3-BF4B-00C04F79EFBC}") = "Personal-Titles", "Personal-Titles\Personal-Titles.csproj", "{46ED9504-E2E0-4399-A2A3-CB19FBAA5EA0}"
EndProject
Global
	GlobalSection(SolutionConfigurationPlatforms) = preSolution
		Debug|Any CPU = Debug|Any CPU
		Release|Any CPU = Release|Any CPU
	EndGlobalSection
	GlobalSection(ProjectConfigurationPlatforms) = postSolution
		{47847B4C-9AFE-4308-9436-725FC2297EE7}.Debug|Any CPU.ActiveCfg = Debug|Any CPU
		{47847B4C-9AFE-4308-9436-725FC2297EE7}.Debug|Any CPU.Build.0 = Debug|Any CPU
		{47847B4C-9AFE-4308-9436-725FC2297EE7}.Release|Any CPU.ActiveCfg = Release|Any CPU
		{47847B4C-9AFE-4308-9436-725FC2297EE7}.Release|Any CPU.Build.0 = Release|Any CPU
		{46ED9504-E2E0-4399-A2A3-CB19FBAA5EA0}.Debug|Any CPU.ActiveCfg = Debug|Any CPU
		{46ED9504-E2E0-4399-A2A3-CB19FBAA5EA0}.Debug|Any CPU.Build.0 = Debug|Any CPU
		{46ED9504-E2E0-4399-A2A3-CB19FBAA5EA0}.Release|Any CPU.ActiveCfg = Release|Any CPU
		{46ED9504-E2E0-4399-A2A3-CB19FBAA5EA0}.Release|Any CPU.Build.0 = Release|Any CPU
	EndGlobalSection
	GlobalSection(SolutionProperties) = preSolution
		HideSolutionNode = FALSE
	EndGlobalSection
	GlobalSection(ExtensibilityGlobals) = postSolution
		SolutionGuid = {3DD3F9B1-53CE-493F-AC6F-CE1F5C4F5592}
	EndGlobalSection
EndGlobal
