
Microsoft Visual Studio Solution File, Format Version 12.00
# Visual Studio 15
VisualStudioVersion = 15.0.27130.2020
MinimumVisualStudioVersion = 10.0.40219.1
Project("{FAE04EC0-301F-11D3-BF4B-00C04F79EFBC}") = "Birthday", "Birthday\Birthday.csproj", "{8ECCFB45-458D-4BDC-9166-2BA6098E865A}"
EndProject
Project("{FAE04EC0-301F-11D3-BF4B-00C04F79EFBC}") = "Tailoring-Workshop", "Tailoring-Workshop\Tailoring-Workshop.csproj", "{FD523430-CF54-4DD4-97D8-D5631083FA61}"
EndProject
Project("{FAE04EC0-301F-11D3-BF4B-00C04F79EFBC}") = "Dance-Hall", "Dance-Hall\Dance-Hall.csproj", "{210345E7-DBD6-44C1-B20A-75DA2F390883}"
EndProject
Project("{FAE04EC0-301F-11D3-BF4B-00C04F79EFBC}") = "Charity-Campaign", "Charity-Campaign\Charity-Campaign.csproj", "{F4A006DE-6879-4F70-9CAF-FB97A6508777}"
EndProject
Project("{FAE04EC0-301F-11D3-BF4B-00C04F79EFBC}") = "Alcohol-Market", "Alcohol-Market\Alcohol-Market.csproj", "{D0130CCF-3D21-4E3F-BF64-E4D8822C70AF}"
EndProject
Global
	GlobalSection(SolutionConfigurationPlatforms) = preSolution
		Debug|Any CPU = Debug|Any CPU
		Release|Any CPU = Release|Any CPU
	EndGlobalSection
	GlobalSection(ProjectConfigurationPlatforms) = postSolution
		{8ECCFB45-458D-4BDC-9166-2BA6098E865A}.Debug|Any CPU.ActiveCfg = Debug|Any CPU
		{8ECCFB45-458D-4BDC-9166-2BA6098E865A}.Debug|Any CPU.Build.0 = Debug|Any CPU
		{8ECCFB45-458D-4BDC-9166-2BA6098E865A}.Release|Any CPU.ActiveCfg = Release|Any CPU
		{8ECCFB45-458D-4BDC-9166-2BA6098E865A}.Release|Any CPU.Build.0 = Release|Any CPU
		{FD523430-CF54-4DD4-97D8-D5631083FA61}.Debug|Any CPU.ActiveCfg = Debug|Any CPU
		{FD523430-CF54-4DD4-97D8-D5631083FA61}.Debug|Any CPU.Build.0 = Debug|Any CPU
		{FD523430-CF54-4DD4-97D8-D5631083FA61}.Release|Any CPU.ActiveCfg = Release|Any CPU
		{FD523430-CF54-4DD4-97D8-D5631083FA61}.Release|Any CPU.Build.0 = Release|Any CPU
		{210345E7-DBD6-44C1-B20A-75DA2F390883}.Debug|Any CPU.ActiveCfg = Debug|Any CPU
		{210345E7-DBD6-44C1-B20A-75DA2F390883}.Debug|Any CPU.Build.0 = Debug|Any CPU
		{210345E7-DBD6-44C1-B20A-75DA2F390883}.Release|Any CPU.ActiveCfg = Release|Any CPU
		{210345E7-DBD6-44C1-B20A-75DA2F390883}.Release|Any CPU.Build.0 = Release|Any CPU
		{F4A006DE-6879-4F70-9CAF-FB97A6508777}.Debug|Any CPU.ActiveCfg = Debug|Any CPU
		{F4A006DE-6879-4F70-9CAF-FB97A6508777}.Debug|Any CPU.Build.0 = Debug|Any CPU
		{F4A006DE-6879-4F70-9CAF-FB97A6508777}.Release|Any CPU.ActiveCfg = Release|Any CPU
		{F4A006DE-6879-4F70-9CAF-FB97A6508777}.Release|Any CPU.Build.0 = Release|Any CPU
		{D0130CCF-3D21-4E3F-BF64-E4D8822C70AF}.Debug|Any CPU.ActiveCfg = Debug|Any CPU
		{D0130CCF-3D21-4E3F-BF64-E4D8822C70AF}.Debug|Any CPU.Build.0 = Debug|Any CPU
		{D0130CCF-3D21-4E3F-BF64-E4D8822C70AF}.Release|Any CPU.ActiveCfg = Release|Any CPU
		{D0130CCF-3D21-4E3F-BF64-E4D8822C70AF}.Release|Any CPU.Build.0 = Release|Any CPU
	EndGlobalSection
	GlobalSection(SolutionProperties) = preSolution
		HideSolutionNode = FALSE
	EndGlobalSection
	GlobalSection(ExtensibilityGlobals) = postSolution
		SolutionGuid = {2D529BFC-2431-4EEA-92F8-47EF7AB7B453}
	EndGlobalSection
EndGlobal
