
Microsoft Visual Studio Solution File, Format Version 12.00
# Visual Studio 15
VisualStudioVersion = 15.0.27130.2020
MinimumVisualStudioVersion = 10.0.40219.1
Project("{FAE04EC0-301F-11D3-BF4B-00C04F79EFBC}") = "NumberSummer", "NumberSummer\NumberSummer.csproj", "{59073AB3-A4F1-4C94-AB29-C91443F6076D}"
EndProject
Global
	GlobalSection(SolutionConfigurationPlatforms) = preSolution
		Debug|Any CPU = Debug|Any CPU
		Release|Any CPU = Release|Any CPU
	EndGlobalSection
	GlobalSection(ProjectConfigurationPlatforms) = postSolution
		{59073AB3-A4F1-4C94-AB29-C91443F6076D}.Debug|Any CPU.ActiveCfg = Debug|Any CPU
		{59073AB3-A4F1-4C94-AB29-C91443F6076D}.Debug|Any CPU.Build.0 = Debug|Any CPU
		{59073AB3-A4F1-4C94-AB29-C91443F6076D}.Release|Any CPU.ActiveCfg = Release|Any CPU
		{59073AB3-A4F1-4C94-AB29-C91443F6076D}.Release|Any CPU.Build.0 = Release|Any CPU
	EndGlobalSection
	GlobalSection(SolutionProperties) = preSolution
		HideSolutionNode = FALSE
	EndGlobalSection
	GlobalSection(ExtensibilityGlobals) = postSolution
		SolutionGuid = {777ED694-8183-498F-BF9B-433A4D7EFA57}
	EndGlobalSection
EndGlobal
