
Microsoft Visual Studio Solution File, Format Version 12.00
# Visual Studio 15
VisualStudioVersion = 15.0.27703.2042
MinimumVisualStudioVersion = 10.0.40219.1
Project("{FAE04EC0-301F-11D3-BF4B-00C04F79EFBC}") = "BookLibrary", "BookLibrary\BookLibrary.csproj", "{E140CC6B-D571-4E83-88C0-6D7452AA9045}"
EndProject
Global
	GlobalSection(SolutionConfigurationPlatforms) = preSolution
		Debug|Any CPU = Debug|Any CPU
		Release|Any CPU = Release|Any CPU
	EndGlobalSection
	GlobalSection(ProjectConfigurationPlatforms) = postSolution
		{E140CC6B-D571-4E83-88C0-6D7452AA9045}.Debug|Any CPU.ActiveCfg = Debug|Any CPU
		{E140CC6B-D571-4E83-88C0-6D7452AA9045}.Debug|Any CPU.Build.0 = Debug|Any CPU
		{E140CC6B-D571-4E83-88C0-6D7452AA9045}.Release|Any CPU.ActiveCfg = Release|Any CPU
		{E140CC6B-D571-4E83-88C0-6D7452AA9045}.Release|Any CPU.Build.0 = Release|Any CPU
	EndGlobalSection
	GlobalSection(SolutionProperties) = preSolution
		HideSolutionNode = FALSE
	EndGlobalSection
	GlobalSection(ExtensibilityGlobals) = postSolution
		SolutionGuid = {ACAC99F7-3EC7-42ED-9D48-2C9389A950B7}
	EndGlobalSection
EndGlobal
